// !$*UTF8*$!
{
	archiveVersion = 1;
	classes = {
	};
	objectVersion = 48;
	objects = {

/* Begin PBXBuildFile section */
		AC6F546D200B19100023B409 /* AppDelegate.swift in Sources */ = {isa = PBXBuildFile; fileRef = AC6F546C200B19100023B409 /* AppDelegate.swift */; };
		AC6F546F200B19100023B409 /* ViewController.swift in Sources */ = {isa = PBXBuildFile; fileRef = AC6F546E200B19100023B409 /* ViewController.swift */; };
		AC6F5472200B19100023B409 /* Main.storyboard in Resources */ = {isa = PBXBuildFile; fileRef = AC6F5470200B19100023B409 /* Main.storyboard */; };
		AC6F5474200B19100023B409 /* Assets.xcassets in Resources */ = {isa = PBXBuildFile; fileRef = AC6F5473200B19100023B409 /* Assets.xcassets */; };
		AC6F5477200B19100023B409 /* LaunchScreen.storyboard in Resources */ = {isa = PBXBuildFile; fileRef = AC6F5475200B19100023B409 /* LaunchScreen.storyboard */; };
		AC6F5482200B19100023B409 /* Dog_Years_CalcTests.swift in Sources */ = {isa = PBXBuildFile; fileRef = AC6F5481200B19100023B409 /* Dog_Years_CalcTests.swift */; };
		AC6F548D200B19100023B409 /* Dog_Years_CalcUITests.swift in Sources */ = {isa = PBXBuildFile; fileRef = AC6F548C200B19100023B409 /* Dog_Years_CalcUITests.swift */; };
		AC6F549D200B268C0023B409 /* Bangkaew.jpg in Resources */ = {isa = PBXBuildFile; fileRef = AC6F549C200B268C0023B409 /* Bangkaew.jpg */; };
/* End PBXBuildFile section */

/* Begin PBXContainerItemProxy section */
		AC6F547E200B19100023B409 /* PBXContainerItemProxy */ = {
			isa = PBXContainerItemProxy;
			containerPortal = AC6F5461200B190F0023B409 /* Project object */;
			proxyType = 1;
			remoteGlobalIDString = AC6F5468200B19100023B409;
			remoteInfo = "Dog Years Calc";
		};
		AC6F5489200B19100023B409 /* PBXContainerItemProxy */ = {
			isa = PBXContainerItemProxy;
			containerPortal = AC6F5461200B190F0023B409 /* Project object */;
			proxyType = 1;
			remoteGlobalIDString = AC6F5468200B19100023B409;
			remoteInfo = "Dog Years Calc";
		};
/* End PBXContainerItemProxy section */

/* Begin PBXFileReference section */
		AC6F5469200B19100023B409 /* Dog Years Calc.app */ = {isa = PBXFileReference; explicitFileType = wrapper.application; includeInIndex = 0; path = "Dog Years Calc.app"; sourceTree = BUILT_PRODUCTS_DIR; };
		AC6F546C200B19100023B409 /* AppDelegate.swift */ = {isa = PBXFileReference; lastKnownFileType = sourcecode.swift; path = AppDelegate.swift; sourceTree = "<group>"; };
		AC6F546E200B19100023B409 /* ViewController.swift */ = {isa = PBXFileReference; lastKnownFileType = sourcecode.swift; path = ViewController.swift; sourceTree = "<group>"; };
		AC6F5471200B19100023B409 /* Base */ = {isa = PBXFileReference; lastKnownFileType = file.storyboard; name = Base; path = Base.lproj/Main.storyboard; sourceTree = "<group>"; };
		AC6F5473200B19100023B409 /* Assets.xcassets */ = {isa = PBXFileReference; lastKnownFileType = folder.assetcatalog; path = Assets.xcassets; sourceTree = "<group>"; };
		AC6F5476200B19100023B409 /* Base */ = {isa = PBXFileReference; lastKnownFileType = file.storyboard; name = Base; path = Base.lproj/LaunchScreen.storyboard; sourceTree = "<group>"; };
		AC6F5478200B19100023B409 /* Info.plist */ = {isa = PBXFileReference; lastKnownFileType = text.plist.xml; path = Info.plist; sourceTree = "<group>"; };
		AC6F547D200B19100023B409 /* Dog Years CalcTests.xctest */ = {isa = PBXFileReference; explicitFileType = wrapper.cfbundle; includeInIndex = 0; path = "Dog Years CalcTests.xctest"; sourceTree = BUILT_PRODUCTS_DIR; };
		AC6F5481200B19100023B409 /* Dog_Years_CalcTests.swift */ = {isa = PBXFileReference; lastKnownFileType = sourcecode.swift; path = Dog_Years_CalcTests.swift; sourceTree = "<group>"; };
		AC6F5483200B19100023B409 /* Info.plist */ = {isa = PBXFileReference; lastKnownFileType = text.plist.xml; path = Info.plist; sourceTree = "<group>"; };
		AC6F5488200B19100023B409 /* Dog Years CalcUITests.xctest */ = {isa = PBXFileReference; explicitFileType = wrapper.cfbundle; includeInIndex = 0; path = "Dog Years CalcUITests.xctest"; sourceTree = BUILT_PRODUCTS_DIR; };
		AC6F548C200B19100023B409 /* Dog_Years_CalcUITests.swift */ = {isa = PBXFileReference; lastKnownFileType = sourcecode.swift; path = Dog_Years_CalcUITests.swift; sourceTree = "<group>"; };
		AC6F548E200B19100023B409 /* Info.plist */ = {isa = PBXFileReference; lastKnownFileType = text.plist.xml; path = Info.plist; sourceTree = "<group>"; };
		AC6F549C200B268C0023B409 /* Bangkaew.jpg */ = {isa = PBXFileReference; lastKnownFileType = image.jpeg; path = Bangkaew.jpg; sourceTree = "<group>"; };
/* End PBXFileReference section */

/* Begin PBXFrameworksBuildPhase section */
		AC6F5466200B19100023B409 /* Frameworks */ = {
			isa = PBXFrameworksBuildPhase;
			buildActionMask = 2147483647;
			files = (
			);
			runOnlyForDeploymentPostprocessing = 0;
		};
		AC6F547A200B19100023B409 /* Frameworks */ = {
			isa = PBXFrameworksBuildPhase;
			buildActionMask = 2147483647;
			files = (
			);
			runOnlyForDeploymentPostprocessing = 0;
		};
		AC6F5485200B19100023B409 /* Frameworks */ = {
			isa = PBXFrameworksBuildPhase;
			buildActionMask = 2147483647;
			files = (
			);
			runOnlyForDeploymentPostprocessing = 0;
		};
/* End PBXFrameworksBuildPhase section */

/* Begin PBXGroup section */
		AC6F5460200B190F0023B409 = {
			isa = PBXGroup;
			children = (
				AC6F546B200B19100023B409 /* Dog Years Calc */,
				AC6F5480200B19100023B409 /* Dog Years CalcTests */,
				AC6F548B200B19100023B409 /* Dog Years CalcUITests */,
				AC6F546A200B19100023B409 /* Products */,
			);
			sourceTree = "<group>";
		};
		AC6F546A200B19100023B409 /* Products */ = {
			isa = PBXGroup;
			children = (
				AC6F5469200B19100023B409 /* Dog Years Calc.app */,
				AC6F547D200B19100023B409 /* Dog Years CalcTests.xctest */,
				AC6F5488200B19100023B409 /* Dog Years CalcUITests.xctest */,
			);
			name = Products;
			sourceTree = "<group>";
		};
		AC6F546B200B19100023B409 /* Dog Years Calc */ = {
			isa = PBXGroup;
			children = (
				AC6F546C200B19100023B409 /* AppDelegate.swift */,
				AC6F546E200B19100023B409 /* ViewController.swift */,
				AC6F5470200B19100023B409 /* Main.storyboard */,
				AC6F5473200B19100023B409 /* Assets.xcassets */,
				AC6F5475200B19100023B409 /* LaunchScreen.storyboard */,
				AC6F5478200B19100023B409 /* Info.plist */,
				AC6F549C200B268C0023B409 /* Bangkaew.jpg */,
			);
			path = "Dog Years Calc";
			sourceTree = "<group>";
		};
		AC6F5480200B19100023B409 /* Dog Years CalcTests */ = {
			isa = PBXGroup;
			children = (
				AC6F5481200B19100023B409 /* Dog_Years_CalcTests.swift */,
				AC6F5483200B19100023B409 /* Info.plist */,
			);
			path = "Dog Years CalcTests";
			sourceTree = "<group>";
		};
		AC6F548B200B19100023B409 /* Dog Years CalcUITests */ = {
			isa = PBXGroup;
			children = (
				AC6F548C200B19100023B409 /* Dog_Years_CalcUITests.swift */,
				AC6F548E200B19100023B409 /* Info.plist */,
			);
			path = "Dog Years CalcUITests";
			sourceTree = "<group>";
		};
/* End PBXGroup section */

/* Begin PBXNativeTarget section */
		AC6F5468200B19100023B409 /* Dog Years Calc */ = {
			isa = PBXNativeTarget;
			buildConfigurationList = AC6F5491200B19100023B409 /* Build configuration list for PBXNativeTarget "Dog Years Calc" */;
			buildPhases = (
				AC6F5465200B19100023B409 /* Sources */,
				AC6F5466200B19100023B409 /* Frameworks */,
				AC6F5467200B19100023B409 /* Resources */,
			);
			buildRules = (
			);
			dependencies = (
			);
			name = "Dog Years Calc";
			productName = "Dog Years Calc";
			productReference = AC6F5469200B19100023B409 /* Dog Years Calc.app */;
			productType = "com.apple.product-type.application";
		};
		AC6F547C200B19100023B409 /* Dog Years CalcTests */ = {
			isa = PBXNativeTarget;
			buildConfigurationList = AC6F5494200B19100023B409 /* Build configuration list for PBXNativeTarget "Dog Years CalcTests" */;
			buildPhases = (
				AC6F5479200B19100023B409 /* Sources */,
				AC6F547A200B19100023B409 /* Frameworks */,
				AC6F547B200B19100023B409 /* Resources */,
			);
			buildRules = (
			);
			dependencies = (
				AC6F547F200B19100023B409 /* PBXTargetDependency */,
			);
			name = "Dog Years CalcTests";
			productName = "Dog Years CalcTests";
			productReference = AC6F547D200B19100023B409 /* Dog Years CalcTests.xctest */;
			productType = "com.apple.product-type.bundle.unit-test";
		};
		AC6F5487200B19100023B409 /* Dog Years CalcUITests */ = {
			isa = PBXNativeTarget;
			buildConfigurationList = AC6F5497200B19100023B409 /* Build configuration list for PBXNativeTarget "Dog Years CalcUITests" */;
			buildPhases = (
				AC6F5484200B19100023B409 /* Sources */,
				AC6F5485200B19100023B409 /* Frameworks */,
				AC6F5486200B19100023B409 /* Resources */,
			);
			buildRules = (
			);
			dependencies = (
				AC6F548A200B19100023B409 /* PBXTargetDependency */,
			);
			name = "Dog Years CalcUITests";
			productName = "Dog Years CalcUITests";
			productReference = AC6F5488200B19100023B409 /* Dog Years CalcUITests.xctest */;
			productType = "com.apple.product-type.bundle.ui-testing";
		};
/* End PBXNativeTarget section */

/* Begin PBXProject section */
		AC6F5461200B190F0023B409 /* Project object */ = {
			isa = PBXProject;
			attributes = {
				LastSwiftUpdateCheck = 0920;
				LastUpgradeCheck = 0920;
				ORGANIZATIONNAME = "Digital Mirko";
				TargetAttributes = {
					AC6F5468200B19100023B409 = {
						CreatedOnToolsVersion = 9.2;
						ProvisioningStyle = Automatic;
					};
					AC6F547C200B19100023B409 = {
						CreatedOnToolsVersion = 9.2;
						ProvisioningStyle = Automatic;
						TestTargetID = AC6F5468200B19100023B409;
					};
					AC6F5487200B19100023B409 = {
						CreatedOnToolsVersion = 9.2;
						ProvisioningStyle = Automatic;
						TestTargetID = AC6F5468200B19100023B409;
					};
				};
			};
			buildConfigurationList = AC6F5464200B190F0023B409 /* Build configuration list for PBXProject "Dog Years Calc" */;
			compatibilityVersion = "Xcode 8.0";
			developmentRegion = en;
			hasScannedForEncodings = 0;
			knownRegions = (
				en,
				Base,
			);
			mainGroup = AC6F5460200B190F0023B409;
			productRefGroup = AC6F546A200B19100023B409 /* Products */;
			projectDirPath = "";
			projectRoot = "";
			targets = (
				AC6F5468200B19100023B409 /* Dog Years Calc */,
				AC6F547C200B19100023B409 /* Dog Years CalcTests */,
				AC6F5487200B19100023B409 /* Dog Years CalcUITests */,
			);
		};
/* End PBXProject section */

/* Begin PBXResourcesBuildPhase section */
		AC6F5467200B19100023B409 /* Resources */ = {
			isa = PBXResourcesBuildPhase;
			buildActionMask = 2147483647;
			files = (
				AC6F5477200B19100023B409 /* LaunchScreen.storyboard in Resources */,
				AC6F5474200B19100023B409 /* Assets.xcassets in Resources */,
				AC6F5472200B19100023B409 /* Main.storyboard in Resources */,
				AC6F549D200B268C0023B409 /* Bangkaew.jpg in Resources */,
			);
			runOnlyForDeploymentPostprocessing = 0;
		};
		AC6F547B200B19100023B409 /* Resources */ = {
			isa = PBXResourcesBuildPhase;
			buildActionMask = 2147483647;
			files = (
			);
			runOnlyForDeploymentPostprocessing = 0;
		};
		AC6F5486200B19100023B409 /* Resources */ = {
			isa = PBXResourcesBuildPhase;
			buildActionMask = 2147483647;
			files = (
			);
			runOnlyForDeploymentPostprocessing = 0;
		};
/* End PBXResourcesBuildPhase section */

/* Begin PBXSourcesBuildPhase section */
		AC6F5465200B19100023B409 /* Sources */ = {
			isa = PBXSourcesBuildPhase;
			buildActionMask = 2147483647;
			files = (
				AC6F546F200B19100023B409 /* ViewController.swift in Sources */,
				AC6F546D200B19100023B409 /* AppDelegate.swift in Sources */,
			);
			runOnlyForDeploymentPostprocessing = 0;
		};
		AC6F5479200B19100023B409 /* Sources */ = {
			isa = PBXSourcesBuildPhase;
			buildActionMask = 2147483647;
			files = (
				AC6F5482200B19100023B409 /* Dog_Years_CalcTests.swift in Sources */,
			);
			runOnlyForDeploymentPostprocessing = 0;
		};
		AC6F5484200B19100023B409 /* Sources */ = {
			isa = PBXSourcesBuildPhase;
			buildActionMask = 2147483647;
			files = (
				AC6F548D200B19100023B409 /* Dog_Years_CalcUITests.swift in Sources */,
			);
			runOnlyForDeploymentPostprocessing = 0;
		};
/* End PBXSourcesBuildPhase section */

/* Begin PBXTargetDependency section */
		AC6F547F200B19100023B409 /* PBXTargetDependency */ = {
			isa = PBXTargetDependency;
			target = AC6F5468200B19100023B409 /* Dog Years Calc */;
			targetProxy = AC6F547E200B19100023B409 /* PBXContainerItemProxy */;
		};
		AC6F548A200B19100023B409 /* PBXTargetDependency */ = {
			isa = PBXTargetDependency;
			target = AC6F5468200B19100023B409 /* Dog Years Calc */;
			targetProxy = AC6F5489200B19100023B409 /* PBXContainerItemProxy */;
		};
/* End PBXTargetDependency section */

/* Begin PBXVariantGroup section */
		AC6F5470200B19100023B409 /* Main.storyboard */ = {
			isa = PBXVariantGroup;
			children = (
				AC6F5471200B19100023B409 /* Base */,
			);
			name = Main.storyboard;
			sourceTree = "<group>";
		};
		AC6F5475200B19100023B409 /* LaunchScreen.storyboard */ = {
			isa = PBXVariantGroup;
			children = (
				AC6F5476200B19100023B409 /* Base */,
			);
			name = LaunchScreen.storyboard;
			sourceTree = "<group>";
		};
/* End PBXVariantGroup section */

/* Begin XCBuildConfiguration section */
		AC6F548F200B19100023B409 /* Debug */ = {
			isa = XCBuildConfiguration;
			buildSettings = {
				ALWAYS_SEARCH_USER_PATHS = NO;
				CLANG_ANALYZER_NONNULL = YES;
				CLANG_ANALYZER_NUMBER_OBJECT_CONVERSION = YES_AGGRESSIVE;
				CLANG_CXX_LANGUAGE_STANDARD = "gnu++14";
				CLANG_CXX_LIBRARY = "libc++";
				CLANG_ENABLE_MODULES = YES;
				CLANG_ENABLE_OBJC_ARC = YES;
				CLANG_WARN_BLOCK_CAPTURE_AUTORELEASING = YES;
				CLANG_WARN_BOOL_CONVERSION = YES;
				CLANG_WARN_COMMA = YES;
				CLANG_WARN_CONSTANT_CONVERSION = YES;
				CLANG_WARN_DIRECT_OBJC_ISA_USAGE = YES_ERROR;
				CLANG_WARN_DOCUMENTATION_COMMENTS = YES;
				CLANG_WARN_EMPTY_BODY = YES;
				CLANG_WARN_ENUM_CONVERSION = YES;
				CLANG_WARN_INFINITE_RECURSION = YES;
				CLANG_WARN_INT_CONVERSION = YES;
				CLANG_WARN_NON_LITERAL_NULL_CONVERSION = YES;
				CLANG_WARN_OBJC_LITERAL_CONVERSION = YES;
				CLANG_WARN_OBJC_ROOT_CLASS = YES_ERROR;
				CLANG_WARN_RANGE_LOOP_ANALYSIS = YES;
				CLANG_WARN_STRICT_PROTOTYPES = YES;
				CLANG_WARN_SUSPICIOUS_MOVE = YES;
				CLANG_WARN_UNGUARDED_AVAILABILITY = YES_AGGRESSIVE;
				CLANG_WARN_UNREACHABLE_CODE = YES;
				CLANG_WARN__DUPLICATE_METHOD_MATCH = YES;
				CODE_SIGN_IDENTITY = "iPhone Developer";
				COPY_PHASE_STRIP = NO;
				DEBUG_INFORMATION_FORMAT = dwarf;
				ENABLE_STRICT_OBJC_MSGSEND = YES;
				ENABLE_TESTABILITY = YES;
				GCC_C_LANGUAGE_STANDARD = gnu11;
				GCC_DYNAMIC_NO_PIC = NO;
				GCC_NO_COMMON_BLOCKS = YES;
				GCC_OPTIMIZATION_LEVEL = 0;
				GCC_PREPROCESSOR_DEFINITIONS = (
					"DEBUG=1",
					"$(inherited)",
				);
				GCC_WARN_64_TO_32_BIT_CONVERSION = YES;
				GCC_WARN_ABOUT_RETURN_TYPE = YES_ERROR;
				GCC_WARN_UNDECLARED_SELECTOR = YES;
				GCC_WARN_UNINITIALIZED_AUTOS = YES_AGGRESSIVE;
				GCC_WARN_UNUSED_FUNCTION = YES;
				GCC_WARN_UNUSED_VARIABLE = YES;
				IPHONEOS_DEPLOYMENT_TARGET = 11.2;
				MTL_ENABLE_DEBUG_INFO = YES;
				ONLY_ACTIVE_ARCH = YES;
				SDKROOT = iphoneos;
				SWIFT_ACTIVE_COMPILATION_CONDITIONS = DEBUG;
				SWIFT_OPTIMIZATION_LEVEL = "-Onone";
			};
			name = Debug;
		};
		AC6F5490200B19100023B409 /* Release */ = {
			isa = XCBuildConfiguration;
			buildSettings = {
				ALWAYS_SEARCH_USER_PATHS = NO;
				CLANG_ANALYZER_NONNULL = YES;
				CLANG_ANALYZER_NUMBER_OBJECT_CONVERSION = YES_AGGRESSIVE;
				CLANG_CXX_LANGUAGE_STANDARD = "gnu++14";
				CLANG_CXX_LIBRARY = "libc++";
				CLANG_ENABLE_MODULES = YES;
				CLANG_ENABLE_OBJC_ARC = YES;
				CLANG_WARN_BLOCK_CAPTURE_AUTORELEASING = YES;
				CLANG_WARN_BOOL_CONVERSION = YES;
				CLANG_WARN_COMMA = YES;
				CLANG_WARN_CONSTANT_CONVERSION = YES;
				CLANG_WARN_DIRECT_OBJC_ISA_USAGE = YES_ERROR;
				CLANG_WARN_DOCUMENTATION_COMMENTS = YES;
				CLANG_WARN_EMPTY_BODY = YES;
				CLANG_WARN_ENUM_CONVERSION = YES;
				CLANG_WARN_INFINITE_RECURSION = YES;
				CLANG_WARN_INT_CONVERSION = YES;
				CLANG_WARN_NON_LITERAL_NULL_CONVERSION = YES;
				CLANG_WARN_OBJC_LITERAL_CONVERSION = YES;
				CLANG_WARN_OBJC_ROOT_CLASS = YES_ERROR;
				CLANG_WARN_RANGE_LOOP_ANALYSIS = YES;
				CLANG_WARN_STRICT_PROTOTYPES = YES;
				CLANG_WARN_SUSPICIOUS_MOVE = YES;
				CLANG_WARN_UNGUARDED_AVAILABILITY = YES_AGGRESSIVE;
				CLANG_WARN_UNREACHABLE_CODE = YES;
				CLANG_WARN__DUPLICATE_METHOD_MATCH = YES;
				CODE_SIGN_IDENTITY = "iPhone Developer";
				COPY_PHASE_STRIP = NO;
				DEBUG_INFORMATION_FORMAT = "dwarf-with-dsym";
				ENABLE_NS_ASSERTIONS = NO;
				ENABLE_STRICT_OBJC_MSGSEND = YES;
				GCC_C_LANGUAGE_STANDARD = gnu11;
				GCC_NO_COMMON_BLOCKS = YES;
				GCC_WARN_64_TO_32_BIT_CONVERSION = YES;
				GCC_WARN_ABOUT_RETURN_TYPE = YES_ERROR;
				GCC_WARN_UNDECLARED_SELECTOR = YES;
				GCC_WARN_UNINITIALIZED_AUTOS = YES_AGGRESSIVE;
				GCC_WARN_UNUSED_FUNCTION = YES;
				GCC_WARN_UNUSED_VARIABLE = YES;
				IPHONEOS_DEPLOYMENT_TARGET = 11.2;
				MTL_ENABLE_DEBUG_INFO = NO;
				SDKROOT = iphoneos;
				SWIFT_OPTIMIZATION_LEVEL = "-Owholemodule";
				VALIDATE_PRODUCT = YES;
			};
			name = Release;
		};
		AC6F5492200B19100023B409 /* Debug */ = {
			isa = XCBuildConfiguration;
			buildSettings = {
				ASSETCATALOG_COMPILER_APPICON_NAME = AppIcon;
				CODE_SIGN_STYLE = Automatic;
				DEVELOPMENT_TEAM = EQNJ9FG9YA;
				INFOPLIST_FILE = "Dog Years Calc/Info.plist";
				LD_RUNPATH_SEARCH_PATHS = "$(inherited) @executable_path/Frameworks";
				PRODUCT_BUNDLE_IDENTIFIER = "com.digitalmirko.Dog-Years-Calc";
				PRODUCT_NAME = "$(TARGET_NAME)";
				SWIFT_VERSION = 4.0;
				TARGETED_DEVICE_FAMILY = "1,2";
			};
			name = Debug;
		};
		AC6F5493200B19100023B409 /* Release */ = {
			isa = XCBuildConfiguration;
			buildSettings = {
				ASSETCATALOG_COMPILER_APPICON_NAME = AppIcon;
				CODE_SIGN_STYLE = Automatic;
				DEVELOPMENT_TEAM = EQNJ9FG9YA;
				INFOPLIST_FILE = "Dog Years Calc/Info.plist";
				LD_RUNPATH_SEARCH_PATHS = "$(inherited) @executable_path/Frameworks";
				PRODUCT_BUNDLE_IDENTIFIER = "com.digitalmirko.Dog-Years-Calc";
				PRODUCT_NAME = "$(TARGET_NAME)";
				SWIFT_VERSION = 4.0;
				TARGETED_DEVICE_FAMILY = "1,2";
			};
			name = Release;
		};
		AC6F5495200B19100023B409 /* Debug */ = {
			isa = XCBuildConfiguration;
			buildSettings = {
				ALWAYS_EMBED_SWIFT_STANDARD_LIBRARIES = YES;
				BUNDLE_LOADER = "$(TEST_HOST)";
				CODE_SIGN_STYLE = Automatic;
				DEVELOPMENT_TEAM = EQNJ9FG9YA;
				INFOPLIST_FILE = "Dog Years CalcTests/Info.plist";
				LD_RUNPATH_SEARCH_PATHS = "$(inherited) @executable_path/Frameworks @loader_path/Frameworks";
				PRODUCT_BUNDLE_IDENTIFIER = "com.digitalmirko.Dog-Years-CalcTests";
				PRODUCT_NAME = "$(TARGET_NAME)";
				SWIFT_VERSION = 4.0;
				TARGETED_DEVICE_FAMILY = "1,2";
				TEST_HOST = "$(BUILT_PRODUCTS_DIR)/Dog Years Calc.app/Dog Years Calc";
			};
			name = Debug;
		};
		AC6F5496200B19100023B409 /* Release */ = {
			isa = XCBuildConfiguration;
			buildSettings = {
				ALWAYS_EMBED_SWIFT_STANDARD_LIBRARIES = YES;
				BUNDLE_LOADER = "$(TEST_HOST)";
				CODE_SIGN_STYLE = Automatic;
				DEVELOPMENT_TEAM = EQNJ9FG9YA;
				INFOPLIST_FILE = "Dog Years CalcTests/Info.plist";
				LD_RUNPATH_SEARCH_PATHS = "$(inherited) @executable_path/Frameworks @loader_path/Frameworks";
				PRODUCT_BUNDLE_IDENTIFIER = "com.digitalmirko.Dog-Years-CalcTests";
				PRODUCT_NAME = "$(TARGET_NAME)";
				SWIFT_VERSION = 4.0;
				TARGETED_DEVICE_FAMILY = "1,2";
				TEST_HOST = "$(BUILT_PRODUCTS_DIR)/Dog Years Calc.app/Dog Years Calc";
			};
			name = Release;
		};
		AC6F5498200B19100023B409 /* Debug */ = {
			isa = XCBuildConfiguration;
			buildSettings = {
				ALWAYS_EMBED_SWIFT_STANDARD_LIBRARIES = YES;
				CODE_SIGN_STYLE = Automatic;
				DEVELOPMENT_TEAM = EQNJ9FG9YA;
				INFOPLIST_FILE = "Dog Years CalcUITests/Info.plist";
				LD_RUNPATH_SEARCH_PATHS = "$(inherited) @executable_path/Frameworks @loader_path/Frameworks";
				PRODUCT_BUNDLE_IDENTIFIER = "com.digitalmirko.Dog-Years-CalcUITests";
				PRODUCT_NAME = "$(TARGET_NAME)";
				SWIFT_VERSION = 4.0;
				TARGETED_DEVICE_FAMILY = "1,2";
				TEST_TARGET_NAME = "Dog Years Calc";
			};
			name = Debug;
		};
		AC6F5499200B19100023B409 /* Release */ = {
			isa = XCBuildConfiguration;
			buildSettings = {
				ALWAYS_EMBED_SWIFT_STANDARD_LIBRARIES = YES;
				CODE_SIGN_STYLE = Automatic;
				DEVELOPMENT_TEAM = EQNJ9FG9YA;
				INFOPLIST_FILE = "Dog Years CalcUITests/Info.plist";
				LD_RUNPATH_SEARCH_PATHS = "$(inherited) @executable_path/Frameworks @loader_path/Frameworks";
				PRODUCT_BUNDLE_IDENTIFIER = "com.digitalmirko.Dog-Years-CalcUITests";
				PRODUCT_NAME = "$(TARGET_NAME)";
				SWIFT_VERSION = 4.0;
				TARGETED_DEVICE_FAMILY = "1,2";
				TEST_TARGET_NAME = "Dog Years Calc";
			};
			name = Release;
		};
/* End XCBuildConfiguration section */

/* Begin XCConfigurationList section */
		AC6F5464200B190F0023B409 /* Build configuration list for PBXProject "Dog Years Calc" */ = {
			isa = XCConfigurationList;
			buildConfigurations = (
				AC6F548F200B19100023B409 /* Debug */,
				AC6F5490200B19100023B409 /* Release */,
			);
			defaultConfigurationIsVisible = 0;
			defaultConfigurationName = Release;
		};
		AC6F5491200B19100023B409 /* Build configuration list for PBXNativeTarget "Dog Years Calc" */ = {
			isa = XCConfigurationList;
			buildConfigurations = (
				AC6F5492200B19100023B409 /* Debug */,
				AC6F5493200B19100023B409 /* Release */,
			);
			defaultConfigurationIsVisible = 0;
			defaultConfigurationName = Release;
		};
		AC6F5494200B19100023B409 /* Build configuration list for PBXNativeTarget "Dog Years CalcTests" */ = {
			isa = XCConfigurationList;
			buildConfigurations = (
				AC6F5495200B19100023B409 /* Debug */,
				AC6F5496200B19100023B409 /* Release */,
			);
			defaultConfigurationIsVisible = 0;
			defaultConfigurationName = Release;
		};
		AC6F5497200B19100023B409 /* Build configuration list for PBXNativeTarget "Dog Years CalcUITests" */ = {
			isa = XCConfigurationList;
			buildConfigurations = (
				AC6F5498200B19100023B409 /* Debug */,
				AC6F5499200B19100023B409 /* Release */,
			);
			defaultConfigurationIsVisible = 0;
			defaultConfigurationName = Release;
		};
/* End XCConfigurationList section */
	};
	rootObject = AC6F5461200B190F0023B409 /* Project object */;
}
